// !$*UTF8*$!
{
	archiveVersion = 1;
	classes = {
	};
	objectVersion = 46;
	objects = {

/* Begin PBXBuildFile section */
		A084A8C61D0E498E002ADD79 /* main.m in Sources */ = {isa = PBXBuildFile; fileRef = A084A8C51D0E498E002ADD79 /* main.m */; };
		A084A8C91D0E498E002ADD79 /* AppDelegate.m in Sources */ = {isa = PBXBuildFile; fileRef = A084A8C81D0E498E002ADD79 /* AppDelegate.m */; };
		A084A8CC1D0E498E002ADD79 /* ViewController.m in Sources */ = {isa = PBXBuildFile; fileRef = A084A8CB1D0E498E002ADD79 /* ViewController.m */; };
		A084A8CF1D0E498E002ADD79 /* Main.storyboard in Resources */ = {isa = PBXBuildFile; fileRef = A084A8CD1D0E498E002ADD79 /* Main.storyboard */; };
		A084A8D11D0E498E002ADD79 /* Assets.xcassets in Resources */ = {isa = PBXBuildFile; fileRef = A084A8D01D0E498E002ADD79 /* Assets.xcassets */; };
		A084A8D41D0E498E002ADD79 /* LaunchScreen.storyboard in Resources */ = {isa = PBXBuildFile; fileRef = A084A8D21D0E498E002ADD79 /* LaunchScreen.storyboard */; };
		A084A8DF1D0E498E002ADD79 /* newtest2Tests.m in Sources */ = {isa = PBXBuildFile; fileRef = A084A8DE1D0E498E002ADD79 /* newtest2Tests.m */; };
		A084A8EA1D0E498E002ADD79 /* newtest2UITests.m in Sources */ = {isa = PBXBuildFile; fileRef = A084A8E91D0E498E002ADD79 /* newtest2UITests.m */; };
/* End PBXBuildFile section */

/* Begin PBXContainerItemProxy section */
		A084A8DB1D0E498E002ADD79 /* PBXContainerItemProxy */ = {
			isa = PBXContainerItemProxy;
			containerPortal = A084A8B91D0E498E002ADD79 /* Project object */;
			proxyType = 1;
			remoteGlobalIDString = A084A8C01D0E498E002ADD79;
			remoteInfo = newtest2;
		};
		A084A8E61D0E498E002ADD79 /* PBXContainerItemProxy */ = {
			isa = PBXContainerItemProxy;
			containerPortal = A084A8B91D0E498E002ADD79 /* Project object */;
			proxyType = 1;
			remoteGlobalIDString = A084A8C01D0E498E002ADD79;
			remoteInfo = newtest2;
		};
/* End PBXContainerItemProxy section */

/* Begin PBXFileReference section */
		A084A8C11D0E498E002ADD79 /* newtest2.app */ = {isa = PBXFileReference; explicitFileType = wrapper.application; includeInIndex = 0; path = newtest2.app; sourceTree = BUILT_PRODUCTS_DIR; };
		A084A8C51D0E498E002ADD79 /* main.m */ = {isa = PBXFileReference; lastKnownFileType = sourcecode.c.objc; path = main.m; sourceTree = "<group>"; };
		A084A8C71D0E498E002ADD79 /* AppDelegate.h */ = {isa = PBXFileReference; lastKnownFileType = sourcecode.c.h; path = AppDelegate.h; sourceTree = "<group>"; };
		A084A8C81D0E498E002ADD79 /* AppDelegate.m */ = {isa = PBXFileReference; lastKnownFileType = sourcecode.c.objc; path = AppDelegate.m; sourceTree = "<group>"; };
		A084A8CA1D0E498E002ADD79 /* ViewController.h */ = {isa = PBXFileReference; lastKnownFileType = sourcecode.c.h; path = ViewController.h; sourceTree = "<group>"; };
		A084A8CB1D0E498E002ADD79 /* ViewController.m */ = {isa = PBXFileReference; lastKnownFileType = sourcecode.c.objc; path = ViewController.m; sourceTree = "<group>"; };
		A084A8CE1D0E498E002ADD79 /* Base */ = {isa = PBXFileReference; lastKnownFileType = file.storyboard; name = Base; path = Base.lproj/Main.storyboard; sourceTree = "<group>"; };
		A084A8D01D0E498E002ADD79 /* Assets.xcassets */ = {isa = PBXFileReference; lastKnownFileType = folder.assetcatalog; path = Assets.xcassets; sourceTree = "<group>"; };
		A084A8D31D0E498E002ADD79 /* Base */ = {isa = PBXFileReference; lastKnownFileType = file.storyboard; name = Base; path = Base.lproj/LaunchScreen.storyboard; sourceTree = "<group>"; };
		A084A8D51D0E498E002ADD79 /* Info.plist */ = {isa = PBXFileReference; lastKnownFileType = text.plist.xml; path = Info.plist; sourceTree = "<group>"; };
		A084A8DA1D0E498E002ADD79 /* newtest2Tests.xctest */ = {isa = PBXFileReference; explicitFileType = wrapper.cfbundle; includeInIndex = 0; path = newtest2Tests.xctest; sourceTree = BUILT_PRODUCTS_DIR; };
		A084A8DE1D0E498E002ADD79 /* newtest2Tests.m */ = {isa = PBXFileReference; lastKnownFileType = sourcecode.c.objc; path = newtest2Tests.m; sourceTree = "<group>"; };
		A084A8E01D0E498E002ADD79 /* Info.plist */ = {isa = PBXFileReference; lastKnownFileType = text.plist.xml; path = Info.plist; sourceTree = "<group>"; };
		A084A8E51D0E498E002ADD79 /* newtest2UITests.xctest */ = {isa = PBXFileReference; explicitFileType = wrapper.cfbundle; includeInIndex = 0; path = newtest2UITests.xctest; sourceTree = BUILT_PRODUCTS_DIR; };
		A084A8E91D0E498E002ADD79 /* newtest2UITests.m */ = {isa = PBXFileReference; lastKnownFileType = sourcecode.c.objc; path = newtest2UITests.m; sourceTree = "<group>"; };
		A084A8EB1D0E498E002ADD79 /* Info.plist */ = {isa = PBXFileReference; lastKnownFileType = text.plist.xml; path = Info.plist; sourceTree = "<group>"; };
/* End PBXFileReference section */

/* Begin PBXFrameworksBuildPhase section */
		A084A8BE1D0E498E002ADD79 /* Frameworks */ = {
			isa = PBXFrameworksBuildPhase;
			buildActionMask = 2147483647;
			files = (
			);
			runOnlyForDeploymentPostprocessing = 0;
		};
		A084A8D71D0E498E002ADD79 /* Frameworks */ = {
			isa = PBXFrameworksBuildPhase;
			buildActionMask = 2147483647;
			files = (
			);
			runOnlyForDeploymentPostprocessing = 0;
		};
		A084A8E21D0E498E002ADD79 /* Frameworks */ = {
			isa = PBXFrameworksBuildPhase;
			buildActionMask = 2147483647;
			files = (
			);
			runOnlyForDeploymentPostprocessing = 0;
		};
/* End PBXFrameworksBuildPhase section */

/* Begin PBXGroup section */
		A084A8B81D0E498E002ADD79 = {
			isa = PBXGroup;
			children = (
				A084A8C31D0E498E002ADD79 /* newtest2 */,
				A084A8DD1D0E498E002ADD79 /* newtest2Tests */,
				A084A8E81D0E498E002ADD79 /* newtest2UITests */,
				A084A8C21D0E498E002ADD79 /* Products */,
			);
			sourceTree = "<group>";
		};
		A084A8C21D0E498E002ADD79 /* Products */ = {
			isa = PBXGroup;
			children = (
				A084A8C11D0E498E002ADD79 /* newtest2.app */,
				A084A8DA1D0E498E002ADD79 /* newtest2Tests.xctest */,
				A084A8E51D0E498E002ADD79 /* newtest2UITests.xctest */,
			);
			name = Products;
			sourceTree = "<group>";
		};
		A084A8C31D0E498E002ADD79 /* newtest2 */ = {
			isa = PBXGroup;
			children = (
				A084A8C71D0E498E002ADD79 /* AppDelegate.h */,
				A084A8C81D0E498E002ADD79 /* AppDelegate.m */,
				A084A8CA1D0E498E002ADD79 /* ViewController.h */,
				A084A8CB1D0E498E002ADD79 /* ViewController.m */,
				A084A8CD1D0E498E002ADD79 /* Main.storyboard */,
				A084A8D01D0E498E002ADD79 /* Assets.xcassets */,
				A084A8D21D0E498E002ADD79 /* LaunchScreen.storyboard */,
				A084A8D51D0E498E002ADD79 /* Info.plist */,
				A084A8C41D0E498E002ADD79 /* Supporting Files */,
			);
			path = newtest2;
			sourceTree = "<group>";
		};
		A084A8C41D0E498E002ADD79 /* Supporting Files */ = {
			isa = PBXGroup;
			children = (
				A084A8C51D0E498E002ADD79 /* main.m */,
			);
			name = "Supporting Files";
			sourceTree = "<group>";
		};
		A084A8DD1D0E498E002ADD79 /* newtest2Tests */ = {
			isa = PBXGroup;
			children = (
				A084A8DE1D0E498E002ADD79 /* newtest2Tests.m */,
				A084A8E01D0E498E002ADD79 /* Info.plist */,
			);
			path = newtest2Tests;
			sourceTree = "<group>";
		};
		A084A8E81D0E498E002ADD79 /* newtest2UITests */ = {
			isa = PBXGroup;
			children = (
				A084A8E91D0E498E002ADD79 /* newtest2UITests.m */,
				A084A8EB1D0E498E002ADD79 /* Info.plist */,
			);
			path = newtest2UITests;
			sourceTree = "<group>";
		};
/* End PBXGroup section */

/* Begin PBXNativeTarget section */
		A084A8C01D0E498E002ADD79 /* newtest2 */ = {
			isa = PBXNativeTarget;
			buildConfigurationList = A084A8EE1D0E498E002ADD79 /* Build configuration list for PBXNativeTarget "newtest2" */;
			buildPhases = (
				A084A8BD1D0E498E002ADD79 /* Sources */,
				A084A8BE1D0E498E002ADD79 /* Frameworks */,
				A084A8BF1D0E498E002ADD79 /* Resources */,
			);
			buildRules = (
			);
			dependencies = (
			);
			name = newtest2;
			productName = newtest2;
			productReference = A084A8C11D0E498E002ADD79 /* newtest2.app */;
			productType = "com.apple.product-type.application";
		};
		A084A8D91D0E498E002ADD79 /* newtest2Tests */ = {
			isa = PBXNativeTarget;
			buildConfigurationList = A084A8F11D0E498E002ADD79 /* Build configuration list for PBXNativeTarget "newtest2Tests" */;
			buildPhases = (
				A084A8D61D0E498E002ADD79 /* Sources */,
				A084A8D71D0E498E002ADD79 /* Frameworks */,
				A084A8D81D0E498E002ADD79 /* Resources */,
			);
			buildRules = (
			);
			dependencies = (
				A084A8DC1D0E498E002ADD79 /* PBXTargetDependency */,
			);
			name = newtest2Tests;
			productName = newtest2Tests;
			productReference = A084A8DA1D0E498E002ADD79 /* newtest2Tests.xctest */;
			productType = "com.apple.product-type.bundle.unit-test";
		};
		A084A8E41D0E498E002ADD79 /* newtest2UITests */ = {
			isa = PBXNativeTarget;
			buildConfigurationList = A084A8F41D0E498E002ADD79 /* Build configuration list for PBXNativeTarget "newtest2UITests" */;
			buildPhases = (
				A084A8E11D0E498E002ADD79 /* Sources */,
				A084A8E21D0E498E002ADD79 /* Frameworks */,
				A084A8E31D0E498E002ADD79 /* Resources */,
			);
			buildRules = (
			);
			dependencies = (
				A084A8E71D0E498E002ADD79 /* PBXTargetDependency */,
			);
			name = newtest2UITests;
			productName = newtest2UITests;
			productReference = A084A8E51D0E498E002ADD79 /* newtest2UITests.xctest */;
			productType = "com.apple.product-type.bundle.ui-testing";
		};
/* End PBXNativeTarget section */

/* Begin PBXProject section */
		A084A8B91D0E498E002ADD79 /* Project object */ = {
			isa = PBXProject;
			attributes = {
				LastUpgradeCheck = 0730;
				ORGANIZATIONNAME = "贾海亮";
				TargetAttributes = {
					A084A8C01D0E498E002ADD79 = {
						CreatedOnToolsVersion = 7.3.1;
					};
					A084A8D91D0E498E002ADD79 = {
						CreatedOnToolsVersion = 7.3.1;
						TestTargetID = A084A8C01D0E498E002ADD79;
					};
					A084A8E41D0E498E002ADD79 = {
						CreatedOnToolsVersion = 7.3.1;
						TestTargetID = A084A8C01D0E498E002ADD79;
					};
				};
			};
			buildConfigurationList = A084A8BC1D0E498E002ADD79 /* Build configuration list for PBXProject "newtest2" */;
			compatibilityVersion = "Xcode 3.2";
			developmentRegion = English;
			hasScannedForEncodings = 0;
			knownRegions = (
				en,
				Base,
			);
			mainGroup = A084A8B81D0E498E002ADD79;
			productRefGroup = A084A8C21D0E498E002ADD79 /* Products */;
			projectDirPath = "";
			projectRoot = "";
			targets = (
				A084A8C01D0E498E002ADD79 /* newtest2 */,
				A084A8D91D0E498E002ADD79 /* newtest2Tests */,
				A084A8E41D0E498E002ADD79 /* newtest2UITests */,
			);
		};
/* End PBXProject section */

/* Begin PBXResourcesBuildPhase section */
		A084A8BF1D0E498E002ADD79 /* Resources */ = {
			isa = PBXResourcesBuildPhase;
			buildActionMask = 2147483647;
			files = (
				A084A8D41D0E498E002ADD79 /* LaunchScreen.storyboard in Resources */,
				A084A8D11D0E498E002ADD79 /* Assets.xcassets in Resources */,
				A084A8CF1D0E498E002ADD79 /* Main.storyboard in Resources */,
			);
			runOnlyForDeploymentPostprocessing = 0;
		};
		A084A8D81D0E498E002ADD79 /* Resources */ = {
			isa = PBXResourcesBuildPhase;
			buildActionMask = 2147483647;
			files = (
			);
			runOnlyForDeploymentPostprocessing = 0;
		};
		A084A8E31D0E498E002ADD79 /* Resources */ = {
			isa = PBXResourcesBuildPhase;
			buildActionMask = 2147483647;
			files = (
			);
			runOnlyForDeploymentPostprocessing = 0;
		};
/* End PBXResourcesBuildPhase section */

/* Begin PBXSourcesBuildPhase section */
		A084A8BD1D0E498E002ADD79 /* Sources */ = {
			isa = PBXSourcesBuildPhase;
			buildActionMask = 2147483647;
			files = (
				A084A8CC1D0E498E002ADD79 /* ViewController.m in Sources */,
				A084A8C91D0E498E002ADD79 /* AppDelegate.m in Sources */,
				A084A8C61D0E498E002ADD79 /* main.m in Sources */,
			);
			runOnlyForDeploymentPostprocessing = 0;
		};
		A084A8D61D0E498E002ADD79 /* Sources */ = {
			isa = PBXSourcesBuildPhase;
			buildActionMask = 2147483647;
			files = (
				A084A8DF1D0E498E002ADD79 /* newtest2Tests.m in Sources */,
			);
			runOnlyForDeploymentPostprocessing = 0;
		};
		A084A8E11D0E498E002ADD79 /* Sources */ = {
			isa = PBXSourcesBuildPhase;
			buildActionMask = 2147483647;
			files = (
				A084A8EA1D0E498E002ADD79 /* newtest2UITests.m in Sources */,
			);
			runOnlyForDeploymentPostprocessing = 0;
		};
/* End PBXSourcesBuildPhase section */

/* Begin PBXTargetDependency section */
		A084A8DC1D0E498E002ADD79 /* PBXTargetDependency */ = {
			isa = PBXTargetDependency;
			target = A084A8C01D0E498E002ADD79 /* newtest2 */;
			targetProxy = A084A8DB1D0E498E002ADD79 /* PBXContainerItemProxy */;
		};
		A084A8E71D0E498E002ADD79 /* PBXTargetDependency */ = {
			isa = PBXTargetDependency;
			target = A084A8C01D0E498E002ADD79 /* newtest2 */;
			targetProxy = A084A8E61D0E498E002ADD79 /* PBXContainerItemProxy */;
		};
/* End PBXTargetDependency section */

/* Begin PBXVariantGroup section */
		A084A8CD1D0E498E002ADD79 /* Main.storyboard */ = {
			isa = PBXVariantGroup;
			children = (
				A084A8CE1D0E498E002ADD79 /* Base */,
			);
			name = Main.storyboard;
			sourceTree = "<group>";
		};
		A084A8D21D0E498E002ADD79 /* LaunchScreen.storyboard */ = {
			isa = PBXVariantGroup;
			children = (
				A084A8D31D0E498E002ADD79 /* Base */,
			);
			name = LaunchScreen.storyboard;
			sourceTree = "<group>";
		};
/* End PBXVariantGroup section */

/* Begin XCBuildConfiguration section */
		A084A8EC1D0E498E002ADD79 /* Debug */ = {
			isa = XCBuildConfiguration;
			buildSettings = {
				ALWAYS_SEARCH_USER_PATHS = NO;
				CLANG_ANALYZER_NONNULL = YES;
				CLANG_CXX_LANGUAGE_STANDARD = "gnu++0x";
				CLANG_CXX_LIBRARY = "libc++";
				CLANG_ENABLE_MODULES = YES;
				CLANG_ENABLE_OBJC_ARC = YES;
				CLANG_WARN_BOOL_CONVERSION = YES;
				CLANG_WARN_CONSTANT_CONVERSION = YES;
				CLANG_WARN_DIRECT_OBJC_ISA_USAGE = YES_ERROR;
				CLANG_WARN_EMPTY_BODY = YES;
				CLANG_WARN_ENUM_CONVERSION = YES;
				CLANG_WARN_INT_CONVERSION = YES;
				CLANG_WARN_OBJC_ROOT_CLASS = YES_ERROR;
				CLANG_WARN_UNREACHABLE_CODE = YES;
				CLANG_WARN__DUPLICATE_METHOD_MATCH = YES;
				"CODE_SIGN_IDENTITY[sdk=iphoneos*]" = "iPhone Developer";
				COPY_PHASE_STRIP = NO;
				DEBUG_INFORMATION_FORMAT = dwarf;
				ENABLE_STRICT_OBJC_MSGSEND = YES;
				ENABLE_TESTABILITY = YES;
				GCC_C_LANGUAGE_STANDARD = gnu99;
				GCC_DYNAMIC_NO_PIC = NO;
				GCC_NO_COMMON_BLOCKS = YES;
				GCC_OPTIMIZATION_LEVEL = 0;
				GCC_PREPROCESSOR_DEFINITIONS = (
					"DEBUG=1",
					"$(inherited)",
				);
				GCC_WARN_64_TO_32_BIT_CONVERSION = YES;
				GCC_WARN_ABOUT_RETURN_TYPE = YES_ERROR;
				GCC_WARN_UNDECLARED_SELECTOR = YES;
				GCC_WARN_UNINITIALIZED_AUTOS = YES_AGGRESSIVE;
				GCC_WARN_UNUSED_FUNCTION = YES;
				GCC_WARN_UNUSED_VARIABLE = YES;
				IPHONEOS_DEPLOYMENT_TARGET = 9.3;
				MTL_ENABLE_DEBUG_INFO = YES;
				ONLY_ACTIVE_ARCH = YES;
				SDKROOT = iphoneos;
				TARGETED_DEVICE_FAMILY = "1,2";
			};
			name = Debug;
		};
		A084A8ED1D0E498E002ADD79 /* Release */ = {
			isa = XCBuildConfiguration;
			buildSettings = {
				ALWAYS_SEARCH_USER_PATHS = NO;
				CLANG_ANALYZER_NONNULL = YES;
				CLANG_CXX_LANGUAGE_STANDARD = "gnu++0x";
				CLANG_CXX_LIBRARY = "libc++";
				CLANG_ENABLE_MODULES = YES;
				CLANG_ENABLE_OBJC_ARC = YES;
				CLANG_WARN_BOOL_CONVERSION = YES;
				CLANG_WARN_CONSTANT_CONVERSION = YES;
				CLANG_WARN_DIRECT_OBJC_ISA_USAGE = YES_ERROR;
				CLANG_WARN_EMPTY_BODY = YES;
				CLANG_WARN_ENUM_CONVERSION = YES;
				CLANG_WARN_INT_CONVERSION = YES;
				CLANG_WARN_OBJC_ROOT_CLASS = YES_ERROR;
				CLANG_WARN_UNREACHABLE_CODE = YES;
				CLANG_WARN__DUPLICATE_METHOD_MATCH = YES;
				"CODE_SIGN_IDENTITY[sdk=iphoneos*]" = "iPhone Developer";
				COPY_PHASE_STRIP = NO;
				DEBUG_INFORMATION_FORMAT = "dwarf-with-dsym";
				ENABLE_NS_ASSERTIONS = NO;
				ENABLE_STRICT_OBJC_MSGSEND = YES;
				GCC_C_LANGUAGE_STANDARD = gnu99;
				GCC_NO_COMMON_BLOCKS = YES;
				GCC_WARN_64_TO_32_BIT_CONVERSION = YES;
				GCC_WARN_ABOUT_RETURN_TYPE = YES_ERROR;
				GCC_WARN_UNDECLARED_SELECTOR = YES;
				GCC_WARN_UNINITIALIZED_AUTOS = YES_AGGRESSIVE;
				GCC_WARN_UNUSED_FUNCTION = YES;
				GCC_WARN_UNUSED_VARIABLE = YES;
				IPHONEOS_DEPLOYMENT_TARGET = 9.3;
				MTL_ENABLE_DEBUG_INFO = NO;
				SDKROOT = iphoneos;
				TARGETED_DEVICE_FAMILY = "1,2";
				VALIDATE_PRODUCT = YES;
			};
			name = Release;
		};
		A084A8EF1D0E498E002ADD79 /* Debug */ = {
			isa = XCBuildConfiguration;
			buildSettings = {
				ASSETCATALOG_COMPILER_APPICON_NAME = AppIcon;
				INFOPLIST_FILE = newtest2/Info.plist;
				LD_RUNPATH_SEARCH_PATHS = "$(inherited) @executable_path/Frameworks";
				PRODUCT_BUNDLE_IDENTIFIER = Loss.newtest2;
				PRODUCT_NAME = "$(TARGET_NAME)";
			};
			name = Debug;
		};
		A084A8F01D0E498E002ADD79 /* Release */ = {
			isa = XCBuildConfiguration;
			buildSettings = {
				ASSETCATALOG_COMPILER_APPICON_NAME = AppIcon;
				INFOPLIST_FILE = newtest2/Info.plist;
				LD_RUNPATH_SEARCH_PATHS = "$(inherited) @executable_path/Frameworks";
				PRODUCT_BUNDLE_IDENTIFIER = Loss.newtest2;
				PRODUCT_NAME = "$(TARGET_NAME)";
			};
			name = Release;
		};
		A084A8F21D0E498E002ADD79 /* Debug */ = {
			isa = XCBuildConfiguration;
			buildSettings = {
				BUNDLE_LOADER = "$(TEST_HOST)";
				INFOPLIST_FILE = newtest2Tests/Info.plist;
				LD_RUNPATH_SEARCH_PATHS = "$(inherited) @executable_path/Frameworks @loader_path/Frameworks";
				PRODUCT_BUNDLE_IDENTIFIER = Loss.newtest2Tests;
				PRODUCT_NAME = "$(TARGET_NAME)";
				TEST_HOST = "$(BUILT_PRODUCTS_DIR)/newtest2.app/newtest2";
			};
			name = Debug;
		};
		A084A8F31D0E498E002ADD79 /* Release */ = {
			isa = XCBuildConfiguration;
			buildSettings = {
				BUNDLE_LOADER = "$(TEST_HOST)";
				INFOPLIST_FILE = newtest2Tests/Info.plist;
				LD_RUNPATH_SEARCH_PATHS = "$(inherited) @executable_path/Frameworks @loader_path/Frameworks";
				PRODUCT_BUNDLE_IDENTIFIER = Loss.newtest2Tests;
				PRODUCT_NAME = "$(TARGET_NAME)";
				TEST_HOST = "$(BUILT_PRODUCTS_DIR)/newtest2.app/newtest2";
			};
			name = Release;
		};
		A084A8F51D0E498E002ADD79 /* Debug */ = {
			isa = XCBuildConfiguration;
			buildSettings = {
				INFOPLIST_FILE = newtest2UITests/Info.plist;
				LD_RUNPATH_SEARCH_PATHS = "$(inherited) @executable_path/Frameworks @loader_path/Frameworks";
				PRODUCT_BUNDLE_IDENTIFIER = Loss.newtest2UITests;
				PRODUCT_NAME = "$(TARGET_NAME)";
				TEST_TARGET_NAME = newtest2;
			};
			name = Debug;
		};
		A084A8F61D0E498E002ADD79 /* Release */ = {
			isa = XCBuildConfiguration;
			buildSettings = {
				INFOPLIST_FILE = newtest2UITests/Info.plist;
				LD_RUNPATH_SEARCH_PATHS = "$(inherited) @executable_path/Frameworks @loader_path/Frameworks";
				PRODUCT_BUNDLE_IDENTIFIER = Loss.newtest2UITests;
				PRODUCT_NAME = "$(TARGET_NAME)";
				TEST_TARGET_NAME = newtest2;
			};
			name = Release;
		};
/* End XCBuildConfiguration section */

/* Begin XCConfigurationList section */
		A084A8BC1D0E498E002ADD79 /* Build configuration list for PBXProject "newtest2" */ = {
			isa = XCConfigurationList;
			buildConfigurations = (
				A084A8EC1D0E498E002ADD79 /* Debug */,
				A084A8ED1D0E498E002ADD79 /* Release */,
			);
			defaultConfigurationIsVisible = 0;
			defaultConfigurationName = Release;
		};
		A084A8EE1D0E498E002ADD79 /* Build configuration list for PBXNativeTarget "newtest2" */ = {
			isa = XCConfigurationList;
			buildConfigurations = (
				A084A8EF1D0E498E002ADD79 /* Debug */,
				A084A8F01D0E498E002ADD79 /* Release */,
			);
			defaultConfigurationIsVisible = 0;
		};
		A084A8F11D0E498E002ADD79 /* Build configuration list for PBXNativeTarget "newtest2Tests" */ = {
			isa = XCConfigurationList;
			buildConfigurations = (
				A084A8F21D0E498E002ADD79 /* Debug */,
				A084A8F31D0E498E002ADD79 /* Release */,
			);
			defaultConfigurationIsVisible = 0;
		};
		A084A8F41D0E498E002ADD79 /* Build configuration list for PBXNativeTarget "newtest2UITests" */ = {
			isa = XCConfigurationList;
			buildConfigurations = (
				A084A8F51D0E498E002ADD79 /* Debug */,
				A084A8F61D0E498E002ADD79 /* Release */,
			);
			defaultConfigurationIsVisible = 0;
		};
/* End XCConfigurationList section */
	};
	rootObject = A084A8B91D0E498E002ADD79 /* Project object */;
}
